
Microsoft Visual Studio Solution File, Format Version 12.00
# Visual Studio Version 17
VisualStudioVersion = 17.9.34701.34
MinimumVisualStudioVersion = 10.0.40219.1
Project("{FAE04EC0-301F-11D3-BF4B-00C04F79EFBC}") = "System.APIs", "System.APIs\System.APIs.csproj", "{776C1486-59B3-4307-B743-1168BCA343CC}"
EndProject
Global
	GlobalSection(SolutionConfigurationPlatforms) = preSolution
		Debug|Any CPU = Debug|Any CPU
		Release|Any CPU = Release|Any CPU
	EndGlobalSection
	GlobalSection(ProjectConfigurationPlatforms) = postSolution
		{776C1486-59B3-4307-B743-1168BCA343CC}.Debug|Any CPU.ActiveCfg = Debug|Any CPU
		{776C1486-59B3-4307-B743-1168BCA343CC}.Debug|Any CPU.Build.0 = Debug|Any CPU
		{776C1486-59B3-4307-B743-1168BCA343CC}.Release|Any CPU.ActiveCfg = Release|Any CPU
		{776C1486-59B3-4307-B743-1168BCA343CC}.Release|Any CPU.Build.0 = Release|Any CPU
	EndGlobalSection
	GlobalSection(SolutionProperties) = preSolution
		HideSolutionNode = FALSE
	EndGlobalSection
	GlobalSection(ExtensibilityGlobals) = postSolution
		SolutionGuid = {D1989E97-D8AE-495B-AF13-1F90AE6713DF}
	EndGlobalSection
EndGlobal
